version = 1
revision = 3
requires-python = "==3.12.*"

[[package]]
name = "drawsvg"
version = "2.4.0"
source = { registry = "https://pypi.org/simple" }
wheels = [
    { url = "https://files.pythonhosted.org/packages/7f/ca/a8e5ae0e13d7c874e138c5d0e8313856b91f97359781fd78b0c9e34ae791/drawsvg-2.4.0-py3-none-any.whl", hash = "sha256:85b54044956390f05053bc2651e2414d54a4939b57a2be0a043e5cec2e04f1bb", size = 44062, upload-time = "2024-06-23T02:08:15.649Z" },
]

[[package]]
name = "genetracks"
version = "0.2.dev0"
source = { git = "https://github.com/cfe-lab/genetracks.git?rev=a7f20f644ab86b451e870c9ace0621af8ecae0df#a7f20f644ab86b451e870c9ace0621af8ecae0df" }
dependencies = [
    { name = "drawsvg" },
]

[[package]]
name = "isoforms-plot"
version = "0.0.0"
source = { editable = "." }
dependencies = [
    { name = "drawsvg" },
    { name = "genetracks" },
    { name = "multicsv" },
]

[package.metadata]
requires-dist = [
    { name = "drawsvg", specifier = "==2.4.0" },
    { name = "genetracks", git = "https://github.com/cfe-lab/genetracks.git?rev=a7f20f644ab86b451e870c9ace0621af8ecae0df" },
    { name = "multicsv", specifier = "==1.0.6" },
]

[[package]]
name = "multicsv"
version = "1.0.6"
source = { registry = "https://pypi.org/simple" }
sdist = { url = "https://files.pythonhosted.org/packages/be/e4/ce966ee4bb05b3fe3e73d743f98dc40ab8e57e904967ff650ac88ddb00db/multicsv-1.0.6.tar.gz", hash = "sha256:2afb3269367e6e1bcc0a8981a5dadbf290598f394a87a27e6506c6bc8730e2d1", size = 20932, upload-time = "2026-02-10T02:21:19.968Z" }
wheels = [
    { url = "https://files.pythonhosted.org/packages/c6/50/7157fd3b3ca73985355340405b87873a8ea6502c8c4028efabd767dab4a0/multicsv-1.0.6-py2.py3-none-any.whl", hash = "sha256:5b8661a3f4bd79145ed6fbc3209d1751b024317ee659da289b97374c6e3410c1", size = 23425, upload-time = "2026-02-10T02:21:43.078Z" },
]
